
Microsoft Visual Studio Solution File, Format Version 12.00
# Visual Studio Version 17
VisualStudioVersion = 17.2.32602.215
MinimumVisualStudioVersion = 10.0.40219.1
Project("{9A19103F-16F7-4668-BE54-9A1E7A4F7556}") = "Accounts.Grpc", "Services\Services.Accounts\Accounts.Grpc\Accounts.Grpc.csproj", "{7F05F6F2-E81B-4D15-9A30-FD882C18FEBE}"
EndProject
Project("{2150E333-8FDC-42A3-9474-1A3956D46DE8}") = "Services.Accounts", "Services.Accounts", "{ACF6E1CE-ABEB-443B-905D-E499247E4FDA}"
EndProject
Project("{9A19103F-16F7-4668-BE54-9A1E7A4F7556}") = "Accounts.Data", "Services\Services.Accounts\Accounts.Data\Accounts.Data.csproj", "{E1D8E1F3-8F29-4303-8FF6-33860F37A0FE}"
EndProject
Project("{9A19103F-16F7-4668-BE54-9A1E7A4F7556}") = "Accounts.Infrastructure", "Services\Services.Accounts\Accounts.Infrastructure\Accounts.Infrastructure.csproj", "{A5F1E779-7F36-4582-A5F9-7D064F67BFF8}"
EndProject
Project("{9A19103F-16F7-4668-BE54-9A1E7A4F7556}") = "Common", "Common\Common.csproj", "{868EC8BD-620E-4F06-A7E5-93BC76B7F50B}"
EndProject
Project("{2150E333-8FDC-42A3-9474-1A3956D46DE8}") = "Services.Storage", "Services.Storage", "{ECC3CAB6-D8CA-4AB5-8CFA-D2249DA2624E}"
EndProject
Project("{9A19103F-16F7-4668-BE54-9A1E7A4F7556}") = "Storage.Grpc", "Services\Services.Storage\Storage.Grpc\Storage.Grpc.csproj", "{015220B7-85EF-4B40-BC5F-531F3E7BA206}"
EndProject
Project("{9A19103F-16F7-4668-BE54-9A1E7A4F7556}") = "Storage.Data", "Services\Services.Storage\Storage.Data\Storage.Data.csproj", "{07A8AEB2-2630-4DE0-9D88-0F45FD073988}"
EndProject
Project("{2150E333-8FDC-42A3-9474-1A3956D46DE8}") = "Services.Authorization", "Services.Authorization", "{6BC667A0-5DE8-4536-AE06-7A580DAE2148}"
EndProject
Project("{9A19103F-16F7-4668-BE54-9A1E7A4F7556}") = "Authorization.Grpc", "Services\Services.Authorization\Authorization.Grpc\Authorization.Grpc.csproj", "{82BB2D5E-38A0-4ADE-AB55-642DEC6A24FE}"
EndProject
Project("{9A19103F-16F7-4668-BE54-9A1E7A4F7556}") = "Ozon.Api", "Ozon.Api\Ozon.Api.csproj", "{791C2EE1-C158-4EDE-B23C-F1F392857D80}"
EndProject
Project("{2150E333-8FDC-42A3-9474-1A3956D46DE8}") = "Services.Matketplace", "Services.Matketplace", "{6359F63D-B224-4E84-9FD2-F0370E5FF69B}"
EndProject
Project("{9A19103F-16F7-4668-BE54-9A1E7A4F7556}") = "Marketplace.Grpc", "Services\Services.Marketplace\Marketplace.Grpc\Marketplace.Grpc.csproj", "{C20E1E52-06FC-4E25-A4E2-4210C89763C8}"
EndProject
Project("{9A19103F-16F7-4668-BE54-9A1E7A4F7556}") = "Marketplace.Data", "Services\Services.Marketplace\Marketplace.Data\Marketplace.Data.csproj", "{470B7FAA-AD02-46B6-842E-72DE6D844C35}"
EndProject
Project("{2150E333-8FDC-42A3-9474-1A3956D46DE8}") = "Services.Products", "Services.Products", "{6D4CDFB0-ABA6-493D-BFD5-678270AE628A}"
EndProject
Project("{9A19103F-16F7-4668-BE54-9A1E7A4F7556}") = "Products.Grpc", "Services\Services.Products\Products.Grpc\Products.Grpc.csproj", "{F9752A75-A1C6-48A0-BE53-F6666D3C9E26}"
EndProject
Project("{9A19103F-16F7-4668-BE54-9A1E7A4F7556}") = "Products.Data", "Services\Services.Products\Products.Data\Products.Data.csproj", "{CA639026-5054-4A97-B79A-F2C2EA2016AD}"
EndProject
Project("{9A19103F-16F7-4668-BE54-9A1E7A4F7556}") = "Products.Infrastructure", "Services\Services.Products\Products.Infrastructure\Products.Infrastructure.csproj", "{F137914A-7A43-4C35-87CA-17D59547140C}"
EndProject
Project("{9A19103F-16F7-4668-BE54-9A1E7A4F7556}") = "Storage.Infrastructure", "Services\Services.Storage\Storage.Infrastructure\Storage.Infrastructure.csproj", "{40395149-E422-4CEB-95D3-429164410CE6}"
EndProject
Project("{FAE04EC0-301F-11D3-BF4B-00C04F79EFBC}") = "Ozon.SeedClient", "Ozon.SeedClient\Ozon.SeedClient.csproj", "{EA8DE47D-C4A0-4640-8FCD-AA9FCE69FA87}"
EndProject
Global
	GlobalSection(SolutionConfigurationPlatforms) = preSolution
		Debug|Any CPU = Debug|Any CPU
		Release|Any CPU = Release|Any CPU
	EndGlobalSection
	GlobalSection(ProjectConfigurationPlatforms) = postSolution
		{7F05F6F2-E81B-4D15-9A30-FD882C18FEBE}.Debug|Any CPU.ActiveCfg = Debug|Any CPU
		{7F05F6F2-E81B-4D15-9A30-FD882C18FEBE}.Debug|Any CPU.Build.0 = Debug|Any CPU
		{7F05F6F2-E81B-4D15-9A30-FD882C18FEBE}.Release|Any CPU.ActiveCfg = Release|Any CPU
		{7F05F6F2-E81B-4D15-9A30-FD882C18FEBE}.Release|Any CPU.Build.0 = Release|Any CPU
		{E1D8E1F3-8F29-4303-8FF6-33860F37A0FE}.Debug|Any CPU.ActiveCfg = Debug|Any CPU
		{E1D8E1F3-8F29-4303-8FF6-33860F37A0FE}.Debug|Any CPU.Build.0 = Debug|Any CPU
		{E1D8E1F3-8F29-4303-8FF6-33860F37A0FE}.Release|Any CPU.ActiveCfg = Release|Any CPU
		{E1D8E1F3-8F29-4303-8FF6-33860F37A0FE}.Release|Any CPU.Build.0 = Release|Any CPU
		{A5F1E779-7F36-4582-A5F9-7D064F67BFF8}.Debug|Any CPU.ActiveCfg = Debug|Any CPU
		{A5F1E779-7F36-4582-A5F9-7D064F67BFF8}.Debug|Any CPU.Build.0 = Debug|Any CPU
		{A5F1E779-7F36-4582-A5F9-7D064F67BFF8}.Release|Any CPU.ActiveCfg = Release|Any CPU
		{A5F1E779-7F36-4582-A5F9-7D064F67BFF8}.Release|Any CPU.Build.0 = Release|Any CPU
		{868EC8BD-620E-4F06-A7E5-93BC76B7F50B}.Debug|Any CPU.ActiveCfg = Debug|Any CPU
		{868EC8BD-620E-4F06-A7E5-93BC76B7F50B}.Debug|Any CPU.Build.0 = Debug|Any CPU
		{868EC8BD-620E-4F06-A7E5-93BC76B7F50B}.Release|Any CPU.ActiveCfg = Release|Any CPU
		{868EC8BD-620E-4F06-A7E5-93BC76B7F50B}.Release|Any CPU.Build.0 = Release|Any CPU
		{015220B7-85EF-4B40-BC5F-531F3E7BA206}.Debug|Any CPU.ActiveCfg = Debug|Any CPU
		{015220B7-85EF-4B40-BC5F-531F3E7BA206}.Debug|Any CPU.Build.0 = Debug|Any CPU
		{015220B7-85EF-4B40-BC5F-531F3E7BA206}.Release|Any CPU.ActiveCfg = Release|Any CPU
		{015220B7-85EF-4B40-BC5F-531F3E7BA206}.Release|Any CPU.Build.0 = Release|Any CPU
		{07A8AEB2-2630-4DE0-9D88-0F45FD073988}.Debug|Any CPU.ActiveCfg = Debug|Any CPU
		{07A8AEB2-2630-4DE0-9D88-0F45FD073988}.Debug|Any CPU.Build.0 = Debug|Any CPU
		{07A8AEB2-2630-4DE0-9D88-0F45FD073988}.Release|Any CPU.ActiveCfg = Release|Any CPU
		{07A8AEB2-2630-4DE0-9D88-0F45FD073988}.Release|Any CPU.Build.0 = Release|Any CPU
		{82BB2D5E-38A0-4ADE-AB55-642DEC6A24FE}.Debug|Any CPU.ActiveCfg = Debug|Any CPU
		{82BB2D5E-38A0-4ADE-AB55-642DEC6A24FE}.Debug|Any CPU.Build.0 = Debug|Any CPU
		{82BB2D5E-38A0-4ADE-AB55-642DEC6A24FE}.Release|Any CPU.ActiveCfg = Release|Any CPU
		{82BB2D5E-38A0-4ADE-AB55-642DEC6A24FE}.Release|Any CPU.Build.0 = Release|Any CPU
		{791C2EE1-C158-4EDE-B23C-F1F392857D80}.Debug|Any CPU.ActiveCfg = Debug|Any CPU
		{791C2EE1-C158-4EDE-B23C-F1F392857D80}.Debug|Any CPU.Build.0 = Debug|Any CPU
		{791C2EE1-C158-4EDE-B23C-F1F392857D80}.Release|Any CPU.ActiveCfg = Release|Any CPU
		{791C2EE1-C158-4EDE-B23C-F1F392857D80}.Release|Any CPU.Build.0 = Release|Any CPU
		{C20E1E52-06FC-4E25-A4E2-4210C89763C8}.Debug|Any CPU.ActiveCfg = Debug|Any CPU
		{C20E1E52-06FC-4E25-A4E2-4210C89763C8}.Debug|Any CPU.Build.0 = Debug|Any CPU
		{C20E1E52-06FC-4E25-A4E2-4210C89763C8}.Release|Any CPU.ActiveCfg = Release|Any CPU
		{C20E1E52-06FC-4E25-A4E2-4210C89763C8}.Release|Any CPU.Build.0 = Release|Any CPU
		{470B7FAA-AD02-46B6-842E-72DE6D844C35}.Debug|Any CPU.ActiveCfg = Debug|Any CPU
		{470B7FAA-AD02-46B6-842E-72DE6D844C35}.Debug|Any CPU.Build.0 = Debug|Any CPU
		{470B7FAA-AD02-46B6-842E-72DE6D844C35}.Release|Any CPU.ActiveCfg = Release|Any CPU
		{470B7FAA-AD02-46B6-842E-72DE6D844C35}.Release|Any CPU.Build.0 = Release|Any CPU
		{F9752A75-A1C6-48A0-BE53-F6666D3C9E26}.Debug|Any CPU.ActiveCfg = Debug|Any CPU
		{F9752A75-A1C6-48A0-BE53-F6666D3C9E26}.Debug|Any CPU.Build.0 = Debug|Any CPU
		{F9752A75-A1C6-48A0-BE53-F6666D3C9E26}.Release|Any CPU.ActiveCfg = Release|Any CPU
		{F9752A75-A1C6-48A0-BE53-F6666D3C9E26}.Release|Any CPU.Build.0 = Release|Any CPU
		{CA639026-5054-4A97-B79A-F2C2EA2016AD}.Debug|Any CPU.ActiveCfg = Debug|Any CPU
		{CA639026-5054-4A97-B79A-F2C2EA2016AD}.Debug|Any CPU.Build.0 = Debug|Any CPU
		{CA639026-5054-4A97-B79A-F2C2EA2016AD}.Release|Any CPU.ActiveCfg = Release|Any CPU
		{CA639026-5054-4A97-B79A-F2C2EA2016AD}.Release|Any CPU.Build.0 = Release|Any CPU
		{F137914A-7A43-4C35-87CA-17D59547140C}.Debug|Any CPU.ActiveCfg = Debug|Any CPU
		{F137914A-7A43-4C35-87CA-17D59547140C}.Debug|Any CPU.Build.0 = Debug|Any CPU
		{F137914A-7A43-4C35-87CA-17D59547140C}.Release|Any CPU.ActiveCfg = Release|Any CPU
		{F137914A-7A43-4C35-87CA-17D59547140C}.Release|Any CPU.Build.0 = Release|Any CPU
		{40395149-E422-4CEB-95D3-429164410CE6}.Debug|Any CPU.ActiveCfg = Debug|Any CPU
		{40395149-E422-4CEB-95D3-429164410CE6}.Debug|Any CPU.Build.0 = Debug|Any CPU
		{40395149-E422-4CEB-95D3-429164410CE6}.Release|Any CPU.ActiveCfg = Release|Any CPU
		{40395149-E422-4CEB-95D3-429164410CE6}.Release|Any CPU.Build.0 = Release|Any CPU
		{EA8DE47D-C4A0-4640-8FCD-AA9FCE69FA87}.Debug|Any CPU.ActiveCfg = Debug|Any CPU
		{EA8DE47D-C4A0-4640-8FCD-AA9FCE69FA87}.Debug|Any CPU.Build.0 = Debug|Any CPU
		{EA8DE47D-C4A0-4640-8FCD-AA9FCE69FA87}.Release|Any CPU.ActiveCfg = Release|Any CPU
		{EA8DE47D-C4A0-4640-8FCD-AA9FCE69FA87}.Release|Any CPU.Build.0 = Release|Any CPU
	EndGlobalSection
	GlobalSection(SolutionProperties) = preSolution
		HideSolutionNode = FALSE
	EndGlobalSection
	GlobalSection(NestedProjects) = preSolution
		{7F05F6F2-E81B-4D15-9A30-FD882C18FEBE} = {ACF6E1CE-ABEB-443B-905D-E499247E4FDA}
		{E1D8E1F3-8F29-4303-8FF6-33860F37A0FE} = {ACF6E1CE-ABEB-443B-905D-E499247E4FDA}
		{A5F1E779-7F36-4582-A5F9-7D064F67BFF8} = {ACF6E1CE-ABEB-443B-905D-E499247E4FDA}
		{015220B7-85EF-4B40-BC5F-531F3E7BA206} = {ECC3CAB6-D8CA-4AB5-8CFA-D2249DA2624E}
		{07A8AEB2-2630-4DE0-9D88-0F45FD073988} = {ECC3CAB6-D8CA-4AB5-8CFA-D2249DA2624E}
		{82BB2D5E-38A0-4ADE-AB55-642DEC6A24FE} = {6BC667A0-5DE8-4536-AE06-7A580DAE2148}
		{C20E1E52-06FC-4E25-A4E2-4210C89763C8} = {6359F63D-B224-4E84-9FD2-F0370E5FF69B}
		{470B7FAA-AD02-46B6-842E-72DE6D844C35} = {6359F63D-B224-4E84-9FD2-F0370E5FF69B}
		{F9752A75-A1C6-48A0-BE53-F6666D3C9E26} = {6D4CDFB0-ABA6-493D-BFD5-678270AE628A}
		{CA639026-5054-4A97-B79A-F2C2EA2016AD} = {6D4CDFB0-ABA6-493D-BFD5-678270AE628A}
		{F137914A-7A43-4C35-87CA-17D59547140C} = {6D4CDFB0-ABA6-493D-BFD5-678270AE628A}
		{40395149-E422-4CEB-95D3-429164410CE6} = {ECC3CAB6-D8CA-4AB5-8CFA-D2249DA2624E}
	EndGlobalSection
	GlobalSection(ExtensibilityGlobals) = postSolution
		SolutionGuid = {C692CB65-4CC5-4FC4-8A02-E15A5E53562F}
	EndGlobalSection
EndGlobal
