
Microsoft Visual Studio Solution File, Format Version 12.00
# Visual Studio Version 17
VisualStudioVersion = 17.2.32602.215
MinimumVisualStudioVersion = 10.0.40219.1
Project("{2150E333-8FDC-42A3-9474-1A3956D46DE8}") = "Services.Accounts", "Services.Accounts", "{ACF6E1CE-ABEB-443B-905D-E499247E4FDA}"
EndProject
Project("{9A19103F-16F7-4668-BE54-9A1E7A4F7556}") = "Accounts.Data", "Services\Services.Accounts\Accounts.Data\Accounts.Data.csproj", "{E1D8E1F3-8F29-4303-8FF6-33860F37A0FE}"
EndProject
Project("{9A19103F-16F7-4668-BE54-9A1E7A4F7556}") = "Accounts.Infrastructure", "Services\Services.Accounts\Accounts.Infrastructure\Accounts.Infrastructure.csproj", "{A5F1E779-7F36-4582-A5F9-7D064F67BFF8}"
EndProject
Project("{9A19103F-16F7-4668-BE54-9A1E7A4F7556}") = "Common", "Common\Common.csproj", "{868EC8BD-620E-4F06-A7E5-93BC76B7F50B}"
EndProject
Project("{2150E333-8FDC-42A3-9474-1A3956D46DE8}") = "Services.ProductStorage", "Services.ProductStorage", "{ECC3CAB6-D8CA-4AB5-8CFA-D2249DA2624E}"
EndProject
Project("{9A19103F-16F7-4668-BE54-9A1E7A4F7556}") = "Storage.Grpc", "Services\Services.Storage\Storage.Grpc\Storage.Grpc.csproj", "{015220B7-85EF-4B40-BC5F-531F3E7BA206}"
EndProject
Project("{9A19103F-16F7-4668-BE54-9A1E7A4F7556}") = "Storage.Data", "Services\Services.Storage\Storage.Data\Storage.Data.csproj", "{07A8AEB2-2630-4DE0-9D88-0F45FD073988}"
EndProject
Project("{2150E333-8FDC-42A3-9474-1A3956D46DE8}") = "Services.Authorization", "Services.Authorization", "{6BC667A0-5DE8-4536-AE06-7A580DAE2148}"
EndProject
Project("{9A19103F-16F7-4668-BE54-9A1E7A4F7556}") = "Ozon.Api", "Ozon.Api\Ozon.Api.csproj", "{791C2EE1-C158-4EDE-B23C-F1F392857D80}"
EndProject
Project("{2150E333-8FDC-42A3-9474-1A3956D46DE8}") = "Services.Matketplace", "Services.Matketplace", "{6359F63D-B224-4E84-9FD2-F0370E5FF69B}"
EndProject
Project("{9A19103F-16F7-4668-BE54-9A1E7A4F7556}") = "Marketplace.Data", "Services\Services.Marketplace\Marketplace.Data\Marketplace.Data.csproj", "{470B7FAA-AD02-46B6-842E-72DE6D844C35}"
EndProject
Project("{2150E333-8FDC-42A3-9474-1A3956D46DE8}") = "Services.ProductsRegistry", "Services.ProductsRegistry", "{6D4CDFB0-ABA6-493D-BFD5-678270AE628A}"
EndProject
Project("{9A19103F-16F7-4668-BE54-9A1E7A4F7556}") = "Products.Data", "Services\Services.Products\Products.Data\Products.Data.csproj", "{CA639026-5054-4A97-B79A-F2C2EA2016AD}"
EndProject
Project("{9A19103F-16F7-4668-BE54-9A1E7A4F7556}") = "Products.Infrastructure", "Services\Services.Products\Products.Infrastructure\Products.Infrastructure.csproj", "{F137914A-7A43-4C35-87CA-17D59547140C}"
EndProject
Project("{9A19103F-16F7-4668-BE54-9A1E7A4F7556}") = "Storage.Infrastructure", "Services\Services.Storage\Storage.Infrastructure\Storage.Infrastructure.csproj", "{40395149-E422-4CEB-95D3-429164410CE6}"
EndProject
Project("{9A19103F-16F7-4668-BE54-9A1E7A4F7556}") = "Ozon.SeedClient", "Ozon.SeedClient\Ozon.SeedClient.csproj", "{EA8DE47D-C4A0-4640-8FCD-AA9FCE69FA87}"
EndProject
Project("{9A19103F-16F7-4668-BE54-9A1E7A4F7556}") = "Ozon.ClickHouse", "Ozon.ClickHouse\Ozon.ClickHouse.csproj", "{13E4E6DB-0668-421D-A2D5-1602AF6A5D88}"
EndProject
Project("{9A19103F-16F7-4668-BE54-9A1E7A4F7556}") = "Marketplace.Infrastructure", "Services\Services.Marketplace\Marketplace.Infrastructure\Marketplace.Infrastructure.csproj", "{7982567E-7FC9-4389-876E-3EC435EF560B}"
EndProject
Project("{9A19103F-16F7-4668-BE54-9A1E7A4F7556}") = "Ozon.Bus", "Ozon.Bus\Ozon.Bus.csproj", "{9E883562-FC1D-425D-A2D6-BC2190B06234}"
EndProject
Project("{9A19103F-16F7-4668-BE54-9A1E7A4F7556}") = "Marketplace.Api", "Services\Services.Marketplace\Marketplace.Api\Marketplace.Api.csproj", "{8C03A5AC-EDCD-4D7C-9DB7-8AD758BAB85E}"
EndProject
Project("{9A19103F-16F7-4668-BE54-9A1E7A4F7556}") = "Products.Api", "Services\Services.Products\Products.Api\Products.Api.csproj", "{70398812-548B-40DB-87A6-C4D18C86A6E4}"
EndProject
Project("{9A19103F-16F7-4668-BE54-9A1E7A4F7556}") = "Storage.Api", "Services\Services.Storage\Storage.Api\Storage.Api.csproj", "{38282F56-1F80-449B-91B8-3B1640711BE2}"
EndProject
Project("{9A19103F-16F7-4668-BE54-9A1E7A4F7556}") = "Accounts.RestApi", "Services\Services.Accounts\Accounts.RestApi\Accounts.RestApi.csproj", "{4803FDE1-D204-421A-B762-DF0E66047A53}"
EndProject
Project("{9A19103F-16F7-4668-BE54-9A1E7A4F7556}") = "Authorization.RestApi", "Services\Services.Authorization\Authorization.RestApi\Authorization.RestApi.csproj", "{46FDFEE9-7653-4714-BFF0-8285C68BA24F}"
EndProject
Project("{9A19103F-16F7-4668-BE54-9A1E7A4F7556}") = "Tests", "..\Tests\Tests.csproj", "{AC41BE30-C199-4DF3-B79B-9E0E5CAF6D4A}"
EndProject
Global
	GlobalSection(SolutionConfigurationPlatforms) = preSolution
		Debug|Any CPU = Debug|Any CPU
		Release|Any CPU = Release|Any CPU
	EndGlobalSection
	GlobalSection(ProjectConfigurationPlatforms) = postSolution
		{E1D8E1F3-8F29-4303-8FF6-33860F37A0FE}.Debug|Any CPU.ActiveCfg = Debug|Any CPU
		{E1D8E1F3-8F29-4303-8FF6-33860F37A0FE}.Debug|Any CPU.Build.0 = Debug|Any CPU
		{E1D8E1F3-8F29-4303-8FF6-33860F37A0FE}.Release|Any CPU.ActiveCfg = Release|Any CPU
		{E1D8E1F3-8F29-4303-8FF6-33860F37A0FE}.Release|Any CPU.Build.0 = Release|Any CPU
		{A5F1E779-7F36-4582-A5F9-7D064F67BFF8}.Debug|Any CPU.ActiveCfg = Debug|Any CPU
		{A5F1E779-7F36-4582-A5F9-7D064F67BFF8}.Debug|Any CPU.Build.0 = Debug|Any CPU
		{A5F1E779-7F36-4582-A5F9-7D064F67BFF8}.Release|Any CPU.ActiveCfg = Release|Any CPU
		{A5F1E779-7F36-4582-A5F9-7D064F67BFF8}.Release|Any CPU.Build.0 = Release|Any CPU
		{868EC8BD-620E-4F06-A7E5-93BC76B7F50B}.Debug|Any CPU.ActiveCfg = Debug|Any CPU
		{868EC8BD-620E-4F06-A7E5-93BC76B7F50B}.Debug|Any CPU.Build.0 = Debug|Any CPU
		{868EC8BD-620E-4F06-A7E5-93BC76B7F50B}.Release|Any CPU.ActiveCfg = Release|Any CPU
		{868EC8BD-620E-4F06-A7E5-93BC76B7F50B}.Release|Any CPU.Build.0 = Release|Any CPU
		{015220B7-85EF-4B40-BC5F-531F3E7BA206}.Debug|Any CPU.ActiveCfg = Debug|Any CPU
		{015220B7-85EF-4B40-BC5F-531F3E7BA206}.Debug|Any CPU.Build.0 = Debug|Any CPU
		{015220B7-85EF-4B40-BC5F-531F3E7BA206}.Release|Any CPU.ActiveCfg = Release|Any CPU
		{015220B7-85EF-4B40-BC5F-531F3E7BA206}.Release|Any CPU.Build.0 = Release|Any CPU
		{07A8AEB2-2630-4DE0-9D88-0F45FD073988}.Debug|Any CPU.ActiveCfg = Debug|Any CPU
		{07A8AEB2-2630-4DE0-9D88-0F45FD073988}.Debug|Any CPU.Build.0 = Debug|Any CPU
		{07A8AEB2-2630-4DE0-9D88-0F45FD073988}.Release|Any CPU.ActiveCfg = Release|Any CPU
		{07A8AEB2-2630-4DE0-9D88-0F45FD073988}.Release|Any CPU.Build.0 = Release|Any CPU
		{791C2EE1-C158-4EDE-B23C-F1F392857D80}.Debug|Any CPU.ActiveCfg = Debug|Any CPU
		{791C2EE1-C158-4EDE-B23C-F1F392857D80}.Debug|Any CPU.Build.0 = Debug|Any CPU
		{791C2EE1-C158-4EDE-B23C-F1F392857D80}.Release|Any CPU.ActiveCfg = Release|Any CPU
		{791C2EE1-C158-4EDE-B23C-F1F392857D80}.Release|Any CPU.Build.0 = Release|Any CPU
		{470B7FAA-AD02-46B6-842E-72DE6D844C35}.Debug|Any CPU.ActiveCfg = Debug|Any CPU
		{470B7FAA-AD02-46B6-842E-72DE6D844C35}.Debug|Any CPU.Build.0 = Debug|Any CPU
		{470B7FAA-AD02-46B6-842E-72DE6D844C35}.Release|Any CPU.ActiveCfg = Release|Any CPU
		{470B7FAA-AD02-46B6-842E-72DE6D844C35}.Release|Any CPU.Build.0 = Release|Any CPU
		{CA639026-5054-4A97-B79A-F2C2EA2016AD}.Debug|Any CPU.ActiveCfg = Debug|Any CPU
		{CA639026-5054-4A97-B79A-F2C2EA2016AD}.Debug|Any CPU.Build.0 = Debug|Any CPU
		{CA639026-5054-4A97-B79A-F2C2EA2016AD}.Release|Any CPU.ActiveCfg = Release|Any CPU
		{CA639026-5054-4A97-B79A-F2C2EA2016AD}.Release|Any CPU.Build.0 = Release|Any CPU
		{F137914A-7A43-4C35-87CA-17D59547140C}.Debug|Any CPU.ActiveCfg = Debug|Any CPU
		{F137914A-7A43-4C35-87CA-17D59547140C}.Debug|Any CPU.Build.0 = Debug|Any CPU
		{F137914A-7A43-4C35-87CA-17D59547140C}.Release|Any CPU.ActiveCfg = Release|Any CPU
		{F137914A-7A43-4C35-87CA-17D59547140C}.Release|Any CPU.Build.0 = Release|Any CPU
		{40395149-E422-4CEB-95D3-429164410CE6}.Debug|Any CPU.ActiveCfg = Debug|Any CPU
		{40395149-E422-4CEB-95D3-429164410CE6}.Debug|Any CPU.Build.0 = Debug|Any CPU
		{40395149-E422-4CEB-95D3-429164410CE6}.Release|Any CPU.ActiveCfg = Release|Any CPU
		{40395149-E422-4CEB-95D3-429164410CE6}.Release|Any CPU.Build.0 = Release|Any CPU
		{EA8DE47D-C4A0-4640-8FCD-AA9FCE69FA87}.Debug|Any CPU.ActiveCfg = Debug|Any CPU
		{EA8DE47D-C4A0-4640-8FCD-AA9FCE69FA87}.Debug|Any CPU.Build.0 = Debug|Any CPU
		{EA8DE47D-C4A0-4640-8FCD-AA9FCE69FA87}.Release|Any CPU.ActiveCfg = Release|Any CPU
		{EA8DE47D-C4A0-4640-8FCD-AA9FCE69FA87}.Release|Any CPU.Build.0 = Release|Any CPU
		{13E4E6DB-0668-421D-A2D5-1602AF6A5D88}.Debug|Any CPU.ActiveCfg = Debug|Any CPU
		{13E4E6DB-0668-421D-A2D5-1602AF6A5D88}.Debug|Any CPU.Build.0 = Debug|Any CPU
		{13E4E6DB-0668-421D-A2D5-1602AF6A5D88}.Release|Any CPU.ActiveCfg = Release|Any CPU
		{13E4E6DB-0668-421D-A2D5-1602AF6A5D88}.Release|Any CPU.Build.0 = Release|Any CPU
		{7982567E-7FC9-4389-876E-3EC435EF560B}.Debug|Any CPU.ActiveCfg = Debug|Any CPU
		{7982567E-7FC9-4389-876E-3EC435EF560B}.Debug|Any CPU.Build.0 = Debug|Any CPU
		{7982567E-7FC9-4389-876E-3EC435EF560B}.Release|Any CPU.ActiveCfg = Release|Any CPU
		{7982567E-7FC9-4389-876E-3EC435EF560B}.Release|Any CPU.Build.0 = Release|Any CPU
		{9E883562-FC1D-425D-A2D6-BC2190B06234}.Debug|Any CPU.ActiveCfg = Debug|Any CPU
		{9E883562-FC1D-425D-A2D6-BC2190B06234}.Debug|Any CPU.Build.0 = Debug|Any CPU
		{9E883562-FC1D-425D-A2D6-BC2190B06234}.Release|Any CPU.ActiveCfg = Release|Any CPU
		{9E883562-FC1D-425D-A2D6-BC2190B06234}.Release|Any CPU.Build.0 = Release|Any CPU
		{8C03A5AC-EDCD-4D7C-9DB7-8AD758BAB85E}.Debug|Any CPU.ActiveCfg = Debug|Any CPU
		{8C03A5AC-EDCD-4D7C-9DB7-8AD758BAB85E}.Debug|Any CPU.Build.0 = Debug|Any CPU
		{8C03A5AC-EDCD-4D7C-9DB7-8AD758BAB85E}.Release|Any CPU.ActiveCfg = Release|Any CPU
		{8C03A5AC-EDCD-4D7C-9DB7-8AD758BAB85E}.Release|Any CPU.Build.0 = Release|Any CPU
		{70398812-548B-40DB-87A6-C4D18C86A6E4}.Debug|Any CPU.ActiveCfg = Debug|Any CPU
		{70398812-548B-40DB-87A6-C4D18C86A6E4}.Debug|Any CPU.Build.0 = Debug|Any CPU
		{70398812-548B-40DB-87A6-C4D18C86A6E4}.Release|Any CPU.ActiveCfg = Release|Any CPU
		{70398812-548B-40DB-87A6-C4D18C86A6E4}.Release|Any CPU.Build.0 = Release|Any CPU
		{38282F56-1F80-449B-91B8-3B1640711BE2}.Debug|Any CPU.ActiveCfg = Debug|Any CPU
		{38282F56-1F80-449B-91B8-3B1640711BE2}.Debug|Any CPU.Build.0 = Debug|Any CPU
		{38282F56-1F80-449B-91B8-3B1640711BE2}.Release|Any CPU.ActiveCfg = Release|Any CPU
		{38282F56-1F80-449B-91B8-3B1640711BE2}.Release|Any CPU.Build.0 = Release|Any CPU
		{4803FDE1-D204-421A-B762-DF0E66047A53}.Debug|Any CPU.ActiveCfg = Debug|Any CPU
		{4803FDE1-D204-421A-B762-DF0E66047A53}.Debug|Any CPU.Build.0 = Debug|Any CPU
		{4803FDE1-D204-421A-B762-DF0E66047A53}.Release|Any CPU.ActiveCfg = Release|Any CPU
		{4803FDE1-D204-421A-B762-DF0E66047A53}.Release|Any CPU.Build.0 = Release|Any CPU
		{46FDFEE9-7653-4714-BFF0-8285C68BA24F}.Debug|Any CPU.ActiveCfg = Debug|Any CPU
		{46FDFEE9-7653-4714-BFF0-8285C68BA24F}.Debug|Any CPU.Build.0 = Debug|Any CPU
		{46FDFEE9-7653-4714-BFF0-8285C68BA24F}.Release|Any CPU.ActiveCfg = Release|Any CPU
		{46FDFEE9-7653-4714-BFF0-8285C68BA24F}.Release|Any CPU.Build.0 = Release|Any CPU
		{AC41BE30-C199-4DF3-B79B-9E0E5CAF6D4A}.Debug|Any CPU.ActiveCfg = Debug|Any CPU
		{AC41BE30-C199-4DF3-B79B-9E0E5CAF6D4A}.Debug|Any CPU.Build.0 = Debug|Any CPU
		{AC41BE30-C199-4DF3-B79B-9E0E5CAF6D4A}.Release|Any CPU.ActiveCfg = Release|Any CPU
		{AC41BE30-C199-4DF3-B79B-9E0E5CAF6D4A}.Release|Any CPU.Build.0 = Release|Any CPU
	EndGlobalSection
	GlobalSection(SolutionProperties) = preSolution
		HideSolutionNode = FALSE
	EndGlobalSection
	GlobalSection(NestedProjects) = preSolution
		{E1D8E1F3-8F29-4303-8FF6-33860F37A0FE} = {ACF6E1CE-ABEB-443B-905D-E499247E4FDA}
		{A5F1E779-7F36-4582-A5F9-7D064F67BFF8} = {ACF6E1CE-ABEB-443B-905D-E499247E4FDA}
		{015220B7-85EF-4B40-BC5F-531F3E7BA206} = {ECC3CAB6-D8CA-4AB5-8CFA-D2249DA2624E}
		{07A8AEB2-2630-4DE0-9D88-0F45FD073988} = {ECC3CAB6-D8CA-4AB5-8CFA-D2249DA2624E}
		{470B7FAA-AD02-46B6-842E-72DE6D844C35} = {6359F63D-B224-4E84-9FD2-F0370E5FF69B}
		{CA639026-5054-4A97-B79A-F2C2EA2016AD} = {6D4CDFB0-ABA6-493D-BFD5-678270AE628A}
		{F137914A-7A43-4C35-87CA-17D59547140C} = {6D4CDFB0-ABA6-493D-BFD5-678270AE628A}
		{40395149-E422-4CEB-95D3-429164410CE6} = {ECC3CAB6-D8CA-4AB5-8CFA-D2249DA2624E}
		{7982567E-7FC9-4389-876E-3EC435EF560B} = {6359F63D-B224-4E84-9FD2-F0370E5FF69B}
		{8C03A5AC-EDCD-4D7C-9DB7-8AD758BAB85E} = {6359F63D-B224-4E84-9FD2-F0370E5FF69B}
		{70398812-548B-40DB-87A6-C4D18C86A6E4} = {6D4CDFB0-ABA6-493D-BFD5-678270AE628A}
		{38282F56-1F80-449B-91B8-3B1640711BE2} = {ECC3CAB6-D8CA-4AB5-8CFA-D2249DA2624E}
		{4803FDE1-D204-421A-B762-DF0E66047A53} = {ACF6E1CE-ABEB-443B-905D-E499247E4FDA}
		{46FDFEE9-7653-4714-BFF0-8285C68BA24F} = {6BC667A0-5DE8-4536-AE06-7A580DAE2148}
	EndGlobalSection
	GlobalSection(ExtensibilityGlobals) = postSolution
		SolutionGuid = {C692CB65-4CC5-4FC4-8A02-E15A5E53562F}
	EndGlobalSection
EndGlobal
